<?xml version="1.0" encoding="UTF-8"?>
<Project ToolsVersion="15.0" xmlns="http://schemas.microsoft.com/developer/msbuild/2003">
  <ItemGroup>
    <ClCompile Include="C:\Users\Jack\Repo\simple\msgs\src\header.cpp">
      <Filter>Source Files</Filter>
    </ClCompile>
    <ClCompile Include="C:\Users\Jack\Repo\simple\msgs\src\image.cpp">
      <Filter>Source Files</Filter>
    </ClCompile>
    <ClCompile Include="C:\Users\Jack\Repo\simple\msgs\src\pose.cpp">
      <Filter>Source Files</Filter>
    </ClCompile>
    <ClCompile Include="C:\Users\Jack\Repo\simple\msgs\src\quaternion.cpp">
      <Filter>Source Files</Filter>
    </ClCompile>
    <ClCompile Include="C:\Users\Jack\Repo\simple\msgs\src\point.cpp">
      <Filter>Source Files</Filter>
    </ClCompile>
    <ClCompile Include="C:\Users\Jack\Repo\simple\msgs\src\rotation_matrix.cpp">
      <Filter>Source Files</Filter>
    </ClCompile>
    <ClCompile Include="C:\Users\Jack\Repo\simple\msgs\src\bool.cpp">
      <Filter>Source Files</Filter>
    </ClCompile>
    <ClCompile Include="C:\Users\Jack\Repo\simple\msgs\src\string.cpp">
      <Filter>Source Files</Filter>
    </ClCompile>
  </ItemGroup>
  <ItemGroup>
    <ClInclude Include="C:\Users\Jack\Repo\simple\msgs\generated_include\bool_generated.h">
      <Filter>Header Files</Filter>
    </ClInclude>
    <ClInclude Include="C:\Users\Jack\Repo\simple\msgs\generated_include\double_generated.h">
      <Filter>Header Files</Filter>
    </ClInclude>
    <ClInclude Include="C:\Users\Jack\Repo\simple\msgs\generated_include\float_generated.h">
      <Filter>Header Files</Filter>
    </ClInclude>
    <ClInclude Include="C:\Users\Jack\Repo\simple\msgs\generated_include\generic_int_generated.h">
      <Filter>Header Files</Filter>
    </ClInclude>
    <ClInclude Include="C:\Users\Jack\Repo\simple\msgs\generated_include\header_generated.h">
      <Filter>Header Files</Filter>
    </ClInclude>
    <ClInclude Include="C:\Users\Jack\Repo\simple\msgs\generated_include\image_generated.h">
      <Filter>Header Files</Filter>
    </ClInclude>
    <ClInclude Include="C:\Users\Jack\Repo\simple\msgs\generated_include\int_generated.h">
      <Filter>Header Files</Filter>
    </ClInclude>
    <ClInclude Include="C:\Users\Jack\Repo\simple\msgs\generated_include\point_generated.h">
      <Filter>Header Files</Filter>
    </ClInclude>
    <ClInclude Include="C:\Users\Jack\Repo\simple\msgs\generated_include\pose_generated.h">
      <Filter>Header Files</Filter>
    </ClInclude>
    <ClInclude Include="C:\Users\Jack\Repo\simple\msgs\generated_include\quaternion_generated.h">
      <Filter>Header Files</Filter>
    </ClInclude>
    <ClInclude Include="C:\Users\Jack\Repo\simple\msgs\generated_include\rotation_matrix_generated.h">
      <Filter>Header Files</Filter>
    </ClInclude>
    <ClInclude Include="C:\Users\Jack\Repo\simple\msgs\generated_include\string_generated.h">
      <Filter>Header Files</Filter>
    </ClInclude>
    <ClInclude Include="C:\Users\Jack\Repo\simple\msgs\include\simple_msgs\bool.h">
      <Filter>Header Files</Filter>
    </ClInclude>
    <ClInclude Include="C:\Users\Jack\Repo\simple\msgs\include\simple_msgs\double.h">
      <Filter>Header Files</Filter>
    </ClInclude>
    <ClInclude Include="C:\Users\Jack\Repo\simple\msgs\include\simple_msgs\float.h">
      <Filter>Header Files</Filter>
    </ClInclude>
    <ClInclude Include="C:\Users\Jack\Repo\simple\msgs\include\simple_msgs\generated\bool_generated.h">
      <Filter>Header Files</Filter>
    </ClInclude>
    <ClInclude Include="C:\Users\Jack\Repo\simple\msgs\include\simple_msgs\generated\double_generated.h">
      <Filter>Header Files</Filter>
    </ClInclude>
    <ClInclude Include="C:\Users\Jack\Repo\simple\msgs\include\simple_msgs\generated\float_generated.h">
      <Filter>Header Files</Filter>
    </ClInclude>
    <ClInclude Include="C:\Users\Jack\Repo\simple\msgs\include\simple_msgs\generated\header_generated.h">
      <Filter>Header Files</Filter>
    </ClInclude>
    <ClInclude Include="C:\Users\Jack\Repo\simple\msgs\include\simple_msgs\generated\image_generated.h">
      <Filter>Header Files</Filter>
    </ClInclude>
    <ClInclude Include="C:\Users\Jack\Repo\simple\msgs\include\simple_msgs\generated\int_generated.h">
      <Filter>Header Files</Filter>
    </ClInclude>
    <ClInclude Include="C:\Users\Jack\Repo\simple\msgs\include\simple_msgs\generated\point_generated.h">
      <Filter>Header Files</Filter>
    </ClInclude>
    <ClInclude Include="C:\Users\Jack\Repo\simple\msgs\include\simple_msgs\generated\pose_generated.h">
      <Filter>Header Files</Filter>
    </ClInclude>
    <ClInclude Include="C:\Users\Jack\Repo\simple\msgs\include\simple_msgs\generated\quaternion_generated.h">
      <Filter>Header Files</Filter>
    </ClInclude>
    <ClInclude Include="C:\Users\Jack\Repo\simple\msgs\include\simple_msgs\generated\rotation_matrix_generated.h">
      <Filter>Header Files</Filter>
    </ClInclude>
    <ClInclude Include="C:\Users\Jack\Repo\simple\msgs\include\simple_msgs\generated\string_generated.h">
      <Filter>Header Files</Filter>
    </ClInclude>
    <ClInclude Include="C:\Users\Jack\Repo\simple\msgs\include\simple_msgs\generic_message.h">
      <Filter>Header Files</Filter>
    </ClInclude>
    <ClInclude Include="C:\Users\Jack\Repo\simple\msgs\include\simple_msgs\header.h">
      <Filter>Header Files</Filter>
    </ClInclude>
    <ClInclude Include="C:\Users\Jack\Repo\simple\msgs\include\simple_msgs\image.h">
      <Filter>Header Files</Filter>
    </ClInclude>
    <ClInclude Include="C:\Users\Jack\Repo\simple\msgs\include\simple_msgs\int.h">
      <Filter>Header Files</Filter>
    </ClInclude>
    <ClInclude Include="C:\Users\Jack\Repo\simple\msgs\include\simple_msgs\point.h">
      <Filter>Header Files</Filter>
    </ClInclude>
    <ClInclude Include="C:\Users\Jack\Repo\simple\msgs\include\simple_msgs\pose.h">
      <Filter>Header Files</Filter>
    </ClInclude>
    <ClInclude Include="C:\Users\Jack\Repo\simple\msgs\include\simple_msgs\quaternion.h">
      <Filter>Header Files</Filter>
    </ClInclude>
    <ClInclude Include="C:\Users\Jack\Repo\simple\msgs\include\simple_msgs\rotation_matrix.h">
      <Filter>Header Files</Filter>
    </ClInclude>
    <ClInclude Include="C:\Users\Jack\Repo\simple\msgs\include\simple_msgs\string.h">
      <Filter>Header Files</Filter>
    </ClInclude>
    <ClInclude Include="C:\Users\Jack\Repo\simple\msgs\include\simple_msgs\numeric_type.hpp">
      <Filter>Header Files</Filter>
    </ClInclude>
  </ItemGroup>
  <ItemGroup>
    <CustomBuild Include="C:\Users\Jack\Repo\simple\msgs\CMakeLists.txt" />
  </ItemGroup>
  <ItemGroup>
    <Filter Include="Source Files">
      <UniqueIdentifier>{B4D2B571-C5D9-321F-8863-6530E5F4E6B5}</UniqueIdentifier>
    </Filter>
    <Filter Include="Header Files">
      <UniqueIdentifier>{35FA12FC-D4BE-33BE-8253-3A7EEDC5CC19}</UniqueIdentifier>
    </Filter>
  </ItemGroup>
</Project>
