Microsoft Visual Studio Solution File, Format Version 12.00
# Visual Studio 15
Project("{8BC9CEB8-8B4A-11D0-8D11-00A0C91BC942}") = "ALL_BUILD", "ALL_BUILD.vcxproj", "{F329D846-4C2F-30BE-9B10-FBEA8E43650D}"
	ProjectSection(ProjectDependencies) = postProject
		{F97EC673-E2BF-3259-AC86-AEFC7B661287} = {F97EC673-E2BF-3259-AC86-AEFC7B661287}
		{523BA661-A716-3C86-AB06-E43A178451FA} = {523BA661-A716-3C86-AB06-E43A178451FA}
	EndProjectSection
EndProject
Project("{8BC9CEB8-8B4A-11D0-8D11-00A0C91BC942}") = "INSTALL", "INSTALL.vcxproj", "{5B0169A0-5F7B-3146-B4E4-D8667EFC37A6}"
	ProjectSection(ProjectDependencies) = postProject
		{F329D846-4C2F-30BE-9B10-FBEA8E43650D} = {F329D846-4C2F-30BE-9B10-FBEA8E43650D}
		{F97EC673-E2BF-3259-AC86-AEFC7B661287} = {F97EC673-E2BF-3259-AC86-AEFC7B661287}
	EndProjectSection
EndProject
Project("{8BC9CEB8-8B4A-11D0-8D11-00A0C91BC942}") = "ZERO_CHECK", "..\\ZERO_CHECK.vcxproj", "{F97EC673-E2BF-3259-AC86-AEFC7B661287}"
	ProjectSection(ProjectDependencies) = postProject
	EndProjectSection
EndProject
Project("{8BC9CEB8-8B4A-11D0-8D11-00A0C91BC942}") = "simple_msgs", "simple_msgs.vcxproj", "{523BA661-A716-3C86-AB06-E43A178451FA}"
	ProjectSection(ProjectDependencies) = postProject
		{F97EC673-E2BF-3259-AC86-AEFC7B661287} = {F97EC673-E2BF-3259-AC86-AEFC7B661287}
	EndProjectSection
EndProject
Global
	GlobalSection(SolutionConfigurationPlatforms) = preSolution
		Debug|x64 = Debug|x64
		Release|x64 = Release|x64
		MinSizeRel|x64 = MinSizeRel|x64
		RelWithDebInfo|x64 = RelWithDebInfo|x64
	EndGlobalSection
	GlobalSection(ProjectConfigurationPlatforms) = postSolution
		{F329D846-4C2F-30BE-9B10-FBEA8E43650D}.Debug|x64.ActiveCfg = Debug|x64
		{F329D846-4C2F-30BE-9B10-FBEA8E43650D}.Debug|x64.Build.0 = Debug|x64
		{F329D846-4C2F-30BE-9B10-FBEA8E43650D}.Release|x64.ActiveCfg = Release|x64
		{F329D846-4C2F-30BE-9B10-FBEA8E43650D}.Release|x64.Build.0 = Release|x64
		{F329D846-4C2F-30BE-9B10-FBEA8E43650D}.MinSizeRel|x64.ActiveCfg = MinSizeRel|x64
		{F329D846-4C2F-30BE-9B10-FBEA8E43650D}.MinSizeRel|x64.Build.0 = MinSizeRel|x64
		{F329D846-4C2F-30BE-9B10-FBEA8E43650D}.RelWithDebInfo|x64.ActiveCfg = RelWithDebInfo|x64
		{F329D846-4C2F-30BE-9B10-FBEA8E43650D}.RelWithDebInfo|x64.Build.0 = RelWithDebInfo|x64
		{5B0169A0-5F7B-3146-B4E4-D8667EFC37A6}.Debug|x64.ActiveCfg = Debug|x64
		{5B0169A0-5F7B-3146-B4E4-D8667EFC37A6}.Release|x64.ActiveCfg = Release|x64
		{5B0169A0-5F7B-3146-B4E4-D8667EFC37A6}.MinSizeRel|x64.ActiveCfg = MinSizeRel|x64
		{5B0169A0-5F7B-3146-B4E4-D8667EFC37A6}.RelWithDebInfo|x64.ActiveCfg = RelWithDebInfo|x64
		{F97EC673-E2BF-3259-AC86-AEFC7B661287}.Debug|x64.ActiveCfg = Debug|x64
		{F97EC673-E2BF-3259-AC86-AEFC7B661287}.Debug|x64.Build.0 = Debug|x64
		{F97EC673-E2BF-3259-AC86-AEFC7B661287}.Release|x64.ActiveCfg = Release|x64
		{F97EC673-E2BF-3259-AC86-AEFC7B661287}.Release|x64.Build.0 = Release|x64
		{F97EC673-E2BF-3259-AC86-AEFC7B661287}.MinSizeRel|x64.ActiveCfg = MinSizeRel|x64
		{F97EC673-E2BF-3259-AC86-AEFC7B661287}.MinSizeRel|x64.Build.0 = MinSizeRel|x64
		{F97EC673-E2BF-3259-AC86-AEFC7B661287}.RelWithDebInfo|x64.ActiveCfg = RelWithDebInfo|x64
		{F97EC673-E2BF-3259-AC86-AEFC7B661287}.RelWithDebInfo|x64.Build.0 = RelWithDebInfo|x64
		{523BA661-A716-3C86-AB06-E43A178451FA}.Debug|x64.ActiveCfg = Debug|x64
		{523BA661-A716-3C86-AB06-E43A178451FA}.Debug|x64.Build.0 = Debug|x64
		{523BA661-A716-3C86-AB06-E43A178451FA}.Release|x64.ActiveCfg = Release|x64
		{523BA661-A716-3C86-AB06-E43A178451FA}.Release|x64.Build.0 = Release|x64
		{523BA661-A716-3C86-AB06-E43A178451FA}.MinSizeRel|x64.ActiveCfg = MinSizeRel|x64
		{523BA661-A716-3C86-AB06-E43A178451FA}.MinSizeRel|x64.Build.0 = MinSizeRel|x64
		{523BA661-A716-3C86-AB06-E43A178451FA}.RelWithDebInfo|x64.ActiveCfg = RelWithDebInfo|x64
		{523BA661-A716-3C86-AB06-E43A178451FA}.RelWithDebInfo|x64.Build.0 = RelWithDebInfo|x64
	EndGlobalSection
	GlobalSection(ExtensibilityGlobals) = postSolution
		SolutionGuid = {9E80883C-E4A2-3A00-BA34-A52FC8D780D3}
	EndGlobalSection
	GlobalSection(ExtensibilityAddIns) = postSolution
	EndGlobalSection
EndGlobal
