<?xml version="1.0" encoding="UTF-8"?>
<Project ToolsVersion="15.0" xmlns="http://schemas.microsoft.com/developer/msbuild/2003">
  <ItemGroup>
    <CustomBuild Include="C:\Users\Jack\Repo\simple\build2017\CMakeFiles\5f3cbced435b2265c10266733a492b37\generate.stamp.rule">
      <Filter>CMake Rules</Filter>
    </CustomBuild>
  </ItemGroup>
  <ItemGroup>
    <Filter Include="CMake Rules">
      <UniqueIdentifier>{F04D61EA-3153-3A98-86F4-9B5A697685B5}</UniqueIdentifier>
    </Filter>
  </ItemGroup>
</Project>
